github.com/clente/hugo-bearcub v0.0.0-20240903145222-7cc146b13f3b h1:BhieWRcKe1Z6ZcqTJUoGUq0Z3nwh+1WQf53Uu75WGGE=
github.com/clente/hugo-bearcub v0.0.0-20240903145222-7cc146b13f3b/go.mod h1:apcY0kKQY+CnkwsWuHiEfSrBusQgEsfAp9g065sNLFg=
github.com/gethugothemes/hugo-modules/images v0.0.0-20240711030223-49ae4a26e064 h1:sq+AZRYnPTluvUsrbdnjyFEJKKl7UmTmKYJvW2cqfEs=
github.com/gethugothemes/hugo-modules/images v0.0.0-20240711030223-49ae4a26e064/go.mod h1:FKliP3qOW9diIcQeLtyZ0Hdhg3PL8bdAkC/6O+XtU90=
github.com/hugomods/seo/modules/open-graph v0.1.1 h1:7IzWUnvvdbHQpCJWWJEDN1Ekw3cHrQ6wBXL8x6so0cA=
github.com/hugomods/seo/modules/open-graph v0.1.1/go.mod h1:LZ8Pg5t2eri5itVVlndGCjGyBH5zxcCOj3LM4dLehNo=
github.com/hugomods/seo/modules/twitter-cards v0.1.1 h1:1cxNnftQ8MdajH48tB46DQ6eoCzrV1dQuVKLiKGFWwM=
github.com/hugomods/seo/modules/twitter-cards v0.1.1/go.mod h1:KA6MA3GbyQZdd3vloDgcTFBoztmqEJI8R59whcSxpf4=
