github.com/dataCobra/hugo-vitae v0.0.0-20221210182124-6d4251d23a28 h1:dHCqMa4+wAhLjejwqX6sGXWJDzN3mJG57mAo7PGT/q0=
github.com/dataCobra/hugo-vitae v0.0.0-20221210182124-6d4251d23a28/go.mod h1:VYbjakcPdD3+BBj8DrVY+nu+23weJVpu+5sXRahBCqw=
github.com/gethugothemes/hugo-modules/pwa v0.0.0-20240228105219-38c9f9c6e062 h1:n6Cw6J54CZLt6HzHdxCLhf62lkBir5xXgKevRBdUwys=
github.com/gethugothemes/hugo-modules/pwa v0.0.0-20240228105219-38c9f9c6e062/go.mod h1:TRv7iszdfo37O1PbBEE+S8X/enAdpRIxK5DGrp13Qbo=
github.com/gethugothemes/hugo-modules/seo-tools/basic-seo v0.0.0-20240228105219-38c9f9c6e062 h1:B0/vJSOFXSX12zgz6YoqEfTbFeDQDlDsNYkBLD+qqAo=
github.com/gethugothemes/hugo-modules/seo-tools/basic-seo v0.0.0-20240228105219-38c9f9c6e062/go.mod h1:Q8dPgjamV7pxwKSQyWV21Xwh5CGi23/k+M8HPTphYbs=
